// !$*UTF8*$!
{
	archiveVersion = 1;
	classes = {
	};
	objectVersion = 46;
	objects = {

/* Begin PBXBuildFile section */
		AAE501FB1C89D202001E14A7 /* AppDelegate.swift in Sources */ = {isa = PBXBuildFile; fileRef = AAE501FA1C89D202001E14A7 /* AppDelegate.swift */; };
		AAE501FD1C89D202001E14A7 /* ViewController.swift in Sources */ = {isa = PBXBuildFile; fileRef = AAE501FC1C89D202001E14A7 /* ViewController.swift */; };
		AAE502001C89D202001E14A7 /* Main.storyboard in Resources */ = {isa = PBXBuildFile; fileRef = AAE501FE1C89D202001E14A7 /* Main.storyboard */; };
		AAE502021C89D202001E14A7 /* Assets.xcassets in Resources */ = {isa = PBXBuildFile; fileRef = AAE502011C89D202001E14A7 /* Assets.xcassets */; };
		AAE502051C89D202001E14A7 /* LaunchScreen.storyboard in Resources */ = {isa = PBXBuildFile; fileRef = AAE502031C89D202001E14A7 /* LaunchScreen.storyboard */; };
/* End PBXBuildFile section */

/* Begin PBXFileReference section */
		AAE501F71C89D202001E14A7 /* sizing-it-up.app */ = {isa = PBXFileReference; explicitFileType = wrapper.application; includeInIndex = 0; path = "sizing-it-up.app"; sourceTree = BUILT_PRODUCTS_DIR; };
		AAE501FA1C89D202001E14A7 /* AppDelegate.swift */ = {isa = PBXFileReference; lastKnownFileType = sourcecode.swift; path = AppDelegate.swift; sourceTree = "<group>"; };
		AAE501FC1C89D202001E14A7 /* ViewController.swift */ = {isa = PBXFileReference; lastKnownFileType = sourcecode.swift; path = ViewController.swift; sourceTree = "<group>"; };
		AAE501FF1C89D202001E14A7 /* Base */ = {isa = PBXFileReference; lastKnownFileType = file.storyboard; name = Base; path = Base.lproj/Main.storyboard; sourceTree = "<group>"; };
		AAE502011C89D202001E14A7 /* Assets.xcassets */ = {isa = PBXFileReference; lastKnownFileType = folder.assetcatalog; path = Assets.xcassets; sourceTree = "<group>"; };
		AAE502041C89D202001E14A7 /* Base */ = {isa = PBXFileReference; lastKnownFileType = file.storyboard; name = Base; path = Base.lproj/LaunchScreen.storyboard; sourceTree = "<group>"; };
		AAE502061C89D202001E14A7 /* Info.plist */ = {isa = PBXFileReference; lastKnownFileType = text.plist.xml; path = Info.plist; sourceTree = "<group>"; };
/* End PBXFileReference section */

/* Begin PBXFrameworksBuildPhase section */
		AAE501F41C89D202001E14A7 /* Frameworks */ = {
			isa = PBXFrameworksBuildPhase;
			buildActionMask = 2147483647;
			files = (
			);
			runOnlyForDeploymentPostprocessing = 0;
		};
/* End PBXFrameworksBuildPhase section */

/* Begin PBXGroup section */
		AAE501EE1C89D201001E14A7 = {
			isa = PBXGroup;
			children = (
				AAE501F91C89D202001E14A7 /* sizing-it-up */,
				AAE501F81C89D202001E14A7 /* Products */,
			);
			sourceTree = "<group>";
		};
		AAE501F81C89D202001E14A7 /* Products */ = {
			isa = PBXGroup;
			children = (
				AAE501F71C89D202001E14A7 /* sizing-it-up.app */,
			);
			name = Products;
			sourceTree = "<group>";
		};
		AAE501F91C89D202001E14A7 /* sizing-it-up */ = {
			isa = PBXGroup;
			children = (
				AAE501FA1C89D202001E14A7 /* AppDelegate.swift */,
				AAE501FC1C89D202001E14A7 /* ViewController.swift */,
				AAE501FE1C89D202001E14A7 /* Main.storyboard */,
				AAE502011C89D202001E14A7 /* Assets.xcassets */,
				AAE502031C89D202001E14A7 /* LaunchScreen.storyboard */,
				AAE502061C89D202001E14A7 /* Info.plist */,
			);
			path = "sizing-it-up";
			sourceTree = "<group>";
		};
/* End PBXGroup section */

/* Begin PBXNativeTarget section */
		AAE501F61C89D202001E14A7 /* sizing-it-up */ = {
			isa = PBXNativeTarget;
			buildConfigurationList = AAE502091C89D202001E14A7 /* Build configuration list for PBXNativeTarget "sizing-it-up" */;
			buildPhases = (
				AAE501F31C89D202001E14A7 /* Sources */,
				AAE501F41C89D202001E14A7 /* Frameworks */,
				AAE501F51C89D202001E14A7 /* Resources */,
			);
			buildRules = (
			);
			dependencies = (
			);
			name = "sizing-it-up";
			productName = "sizing-it-up";
			productReference = AAE501F71C89D202001E14A7 /* sizing-it-up.app */;
			productType = "com.apple.product-type.application";
		};
/* End PBXNativeTarget section */

/* Begin PBXProject section */
		AAE501EF1C89D201001E14A7 /* Project object */ = {
			isa = PBXProject;
			attributes = {
				LastSwiftUpdateCheck = 0720;
				LastUpgradeCheck = 0720;
				ORGANIZATIONNAME = "Gary Grape Productions";
				TargetAttributes = {
					AAE501F61C89D202001E14A7 = {
						CreatedOnToolsVersion = 7.2.1;
					};
				};
			};
			buildConfigurationList = AAE501F21C89D201001E14A7 /* Build configuration list for PBXProject "sizing-it-up" */;
			compatibilityVersion = "Xcode 3.2";
			developmentRegion = English;
			hasScannedForEncodings = 0;
			knownRegions = (
				en,
				Base,
			);
			mainGroup = AAE501EE1C89D201001E14A7;
			productRefGroup = AAE501F81C89D202001E14A7 /* Products */;
			projectDirPath = "";
			projectRoot = "";
			targets = (
				AAE501F61C89D202001E14A7 /* sizing-it-up */,
			);
		};
/* End PBXProject section */

/* Begin PBXResourcesBuildPhase section */
		AAE501F51C89D202001E14A7 /* Resources */ = {
			isa = PBXResourcesBuildPhase;
			buildActionMask = 2147483647;
			files = (
				AAE502051C89D202001E14A7 /* LaunchScreen.storyboard in Resources */,
				AAE502021C89D202001E14A7 /* Assets.xcassets in Resources */,
				AAE502001C89D202001E14A7 /* Main.storyboard in Resources */,
			);
			runOnlyForDeploymentPostprocessing = 0;
		};
/* End PBXResourcesBuildPhase section */

/* Begin PBXSourcesBuildPhase section */
		AAE501F31C89D202001E14A7 /* Sources */ = {
			isa = PBXSourcesBuildPhase;
			buildActionMask = 2147483647;
			files = (
				AAE501FD1C89D202001E14A7 /* ViewController.swift in Sources */,
				AAE501FB1C89D202001E14A7 /* AppDelegate.swift in Sources */,
			);
			runOnlyForDeploymentPostprocessing = 0;
		};
/* End PBXSourcesBuildPhase section */

/* Begin PBXVariantGroup section */
		AAE501FE1C89D202001E14A7 /* Main.storyboard */ = {
			isa = PBXVariantGroup;
			children = (
				AAE501FF1C89D202001E14A7 /* Base */,
			);
			name = Main.storyboard;
			sourceTree = "<group>";
		};
		AAE502031C89D202001E14A7 /* LaunchScreen.storyboard */ = {
			isa = PBXVariantGroup;
			children = (
				AAE502041C89D202001E14A7 /* Base */,
			);
			name = LaunchScreen.storyboard;
			sourceTree = "<group>";
		};
/* End PBXVariantGroup section */

/* Begin XCBuildConfiguration section */
		AAE502071C89D202001E14A7 /* Debug */ = {
			isa = XCBuildConfiguration;
			buildSettings = {
				ALWAYS_SEARCH_USER_PATHS = NO;
				CLANG_CXX_LANGUAGE_STANDARD = "gnu++0x";
				CLANG_CXX_LIBRARY = "libc++";
				CLANG_ENABLE_MODULES = YES;
				CLANG_ENABLE_OBJC_ARC = YES;
				CLANG_WARN_BOOL_CONVERSION = YES;
				CLANG_WARN_CONSTANT_CONVERSION = YES;
				CLANG_WARN_DIRECT_OBJC_ISA_USAGE = YES_ERROR;
				CLANG_WARN_EMPTY_BODY = YES;
				CLANG_WARN_ENUM_CONVERSION = YES;
				CLANG_WARN_INT_CONVERSION = YES;
				CLANG_WARN_OBJC_ROOT_CLASS = YES_ERROR;
				CLANG_WARN_UNREACHABLE_CODE = YES;
				CLANG_WARN__DUPLICATE_METHOD_MATCH = YES;
				"CODE_SIGN_IDENTITY[sdk=iphoneos*]" = "iPhone Developer";
				COPY_PHASE_STRIP = NO;
				DEBUG_INFORMATION_FORMAT = dwarf;
				ENABLE_STRICT_OBJC_MSGSEND = YES;
				ENABLE_TESTABILITY = YES;
				GCC_C_LANGUAGE_STANDARD = gnu99;
				GCC_DYNAMIC_NO_PIC = NO;
				GCC_NO_COMMON_BLOCKS = YES;
				GCC_OPTIMIZATION_LEVEL = 0;
				GCC_PREPROCESSOR_DEFINITIONS = (
					"DEBUG=1",
					"$(inherited)",
				);
				GCC_WARN_64_TO_32_BIT_CONVERSION = YES;
				GCC_WARN_ABOUT_RETURN_TYPE = YES_ERROR;
				GCC_WARN_UNDECLARED_SELECTOR = YES;
				GCC_WARN_UNINITIALIZED_AUTOS = YES_AGGRESSIVE;
				GCC_WARN_UNUSED_FUNCTION = YES;
				GCC_WARN_UNUSED_VARIABLE = YES;
				IPHONEOS_DEPLOYMENT_TARGET = 9.2;
				MTL_ENABLE_DEBUG_INFO = YES;
				ONLY_ACTIVE_ARCH = YES;
				SDKROOT = iphoneos;
				SWIFT_OPTIMIZATION_LEVEL = "-Onone";
				TARGETED_DEVICE_FAMILY = "1,2";
			};
			name = Debug;
		};
		AAE502081C89D202001E14A7 /* Release */ = {
			isa = XCBuildConfiguration;
			buildSettings = {
				ALWAYS_SEARCH_USER_PATHS = NO;
				CLANG_CXX_LANGUAGE_STANDARD = "gnu++0x";
				CLANG_CXX_LIBRARY = "libc++";
				CLANG_ENABLE_MODULES = YES;
				CLANG_ENABLE_OBJC_ARC = YES;
				CLANG_WARN_BOOL_CONVERSION = YES;
				CLANG_WARN_CONSTANT_CONVERSION = YES;
				CLANG_WARN_DIRECT_OBJC_ISA_USAGE = YES_ERROR;
				CLANG_WARN_EMPTY_BODY = YES;
				CLANG_WARN_ENUM_CONVERSION = YES;
				CLANG_WARN_INT_CONVERSION = YES;
				CLANG_WARN_OBJC_ROOT_CLASS = YES_ERROR;
				CLANG_WARN_UNREACHABLE_CODE = YES;
				CLANG_WARN__DUPLICATE_METHOD_MATCH = YES;
				"CODE_SIGN_IDENTITY[sdk=iphoneos*]" = "iPhone Developer";
				COPY_PHASE_STRIP = NO;
				DEBUG_INFORMATION_FORMAT = "dwarf-with-dsym";
				ENABLE_NS_ASSERTIONS = NO;
				ENABLE_STRICT_OBJC_MSGSEND = YES;
				GCC_C_LANGUAGE_STANDARD = gnu99;
				GCC_NO_COMMON_BLOCKS = YES;
				GCC_WARN_64_TO_32_BIT_CONVERSION = YES;
				GCC_WARN_ABOUT_RETURN_TYPE = YES_ERROR;
				GCC_WARN_UNDECLARED_SELECTOR = YES;
				GCC_WARN_UNINITIALIZED_AUTOS = YES_AGGRESSIVE;
				GCC_WARN_UNUSED_FUNCTION = YES;
				GCC_WARN_UNUSED_VARIABLE = YES;
				IPHONEOS_DEPLOYMENT_TARGET = 9.2;
				MTL_ENABLE_DEBUG_INFO = NO;
				SDKROOT = iphoneos;
				TARGETED_DEVICE_FAMILY = "1,2";
				VALIDATE_PRODUCT = YES;
			};
			name = Release;
		};
		AAE5020A1C89D202001E14A7 /* Debug */ = {
			isa = XCBuildConfiguration;
			buildSettings = {
				ASSETCATALOG_COMPILER_APPICON_NAME = AppIcon;
				INFOPLIST_FILE = "sizing-it-up/Info.plist";
				LD_RUNPATH_SEARCH_PATHS = "$(inherited) @executable_path/Frameworks";
				PRODUCT_BUNDLE_IDENTIFIER = "io.garygrapeproductions.sizing-it-up";
				PRODUCT_NAME = "$(TARGET_NAME)";
			};
			name = Debug;
		};
		AAE5020B1C89D202001E14A7 /* Release */ = {
			isa = XCBuildConfiguration;
			buildSettings = {
				ASSETCATALOG_COMPILER_APPICON_NAME = AppIcon;
				INFOPLIST_FILE = "sizing-it-up/Info.plist";
				LD_RUNPATH_SEARCH_PATHS = "$(inherited) @executable_path/Frameworks";
				PRODUCT_BUNDLE_IDENTIFIER = "io.garygrapeproductions.sizing-it-up";
				PRODUCT_NAME = "$(TARGET_NAME)";
			};
			name = Release;
		};
/* End XCBuildConfiguration section */

/* Begin XCConfigurationList section */
		AAE501F21C89D201001E14A7 /* Build configuration list for PBXProject "sizing-it-up" */ = {
			isa = XCConfigurationList;
			buildConfigurations = (
				AAE502071C89D202001E14A7 /* Debug */,
				AAE502081C89D202001E14A7 /* Release */,
			);
			defaultConfigurationIsVisible = 0;
			defaultConfigurationName = Release;
		};
		AAE502091C89D202001E14A7 /* Build configuration list for PBXNativeTarget "sizing-it-up" */ = {
			isa = XCConfigurationList;
			buildConfigurations = (
				AAE5020A1C89D202001E14A7 /* Debug */,
				AAE5020B1C89D202001E14A7 /* Release */,
			);
			defaultConfigurationIsVisible = 0;
		};
/* End XCConfigurationList section */
	};
	rootObject = AAE501EF1C89D201001E14A7 /* Project object */;
}
